
Microsoft Visual Studio Solution File, Format Version 12.00
# Visual Studio Version 17
VisualStudioVersion = 17.12.35527.113 d17.12
MinimumVisualStudioVersion = 10.0.40219.1
Project("{FAE04EC0-301F-11D3-BF4B-00C04F79EFBC}") = "MotechPicFront.Server", "MotechPicFront.Server\MotechPicFront.Server.csproj", "{B3B295D6-207E-4228-A9DB-A7E142ECF3FB}"
EndProject
Project("{54A90642-561A-4BB1-A94E-469ADEE60C69}") = "motechpicfront.client", "motechpicfront.client\motechpicfront.client.esproj", "{56F91971-7E7E-4282-A99A-49DDC884C271}"
EndProject
Global
	GlobalSection(SolutionConfigurationPlatforms) = preSolution
		Debug|Any CPU = Debug|Any CPU
		Release|Any CPU = Release|Any CPU
	EndGlobalSection
	GlobalSection(ProjectConfigurationPlatforms) = postSolution
		{B3B295D6-207E-4228-A9DB-A7E142ECF3FB}.Debug|Any CPU.ActiveCfg = Debug|Any CPU
		{B3B295D6-207E-4228-A9DB-A7E142ECF3FB}.Debug|Any CPU.Build.0 = Debug|Any CPU
		{B3B295D6-207E-4228-A9DB-A7E142ECF3FB}.Release|Any CPU.ActiveCfg = Release|Any CPU
		{B3B295D6-207E-4228-A9DB-A7E142ECF3FB}.Release|Any CPU.Build.0 = Release|Any CPU
		{56F91971-7E7E-4282-A99A-49DDC884C271}.Debug|Any CPU.ActiveCfg = Debug|Any CPU
		{56F91971-7E7E-4282-A99A-49DDC884C271}.Debug|Any CPU.Build.0 = Debug|Any CPU
		{56F91971-7E7E-4282-A99A-49DDC884C271}.Debug|Any CPU.Deploy.0 = Debug|Any CPU
		{56F91971-7E7E-4282-A99A-49DDC884C271}.Release|Any CPU.ActiveCfg = Release|Any CPU
		{56F91971-7E7E-4282-A99A-49DDC884C271}.Release|Any CPU.Build.0 = Release|Any CPU
		{56F91971-7E7E-4282-A99A-49DDC884C271}.Release|Any CPU.Deploy.0 = Release|Any CPU
	EndGlobalSection
	GlobalSection(SolutionProperties) = preSolution
		HideSolutionNode = FALSE
	EndGlobalSection
EndGlobal
